PODS:
  - Flutter (1.0.0)
  - flutter_pusher_client (1.0.3):
    - Flutter
    - PusherSwift (~> 9.0)
  - NWWebSocket (0.5.2)
  - PusherSwift (9.2.2):
    - NWWebSocket (~> 0.5.2)
    - TweetNacl (~> 1.0.0)
  - TweetNacl (1.0.2)

DEPENDENCIES:
  - Flutter (from `Flutter`)
  - flutter_pusher_client (from `.symlinks/plugins/flutter_pusher_client/ios`)

SPEC REPOS:
  trunk:
    - NWWebSocket
    - PusherSwift
    - TweetNacl

EXTERNAL SOURCES:
  Flutter:
    :path: Flutter
  flutter_pusher_client:
    :path: ".symlinks/plugins/flutter_pusher_client/ios"

SPEC CHECKSUMS:
  Flutter: 434fef37c0980e73bb6479ef766c45957d4b510c
  flutter_pusher_client: 884a93a60d970dae16406b777b7efd40bf10af9b
  NWWebSocket: 21f0c73639815da3272862c912275b26102aa80c
  PusherSwift: 8b252244aca6a662572be48a97b756d14cd7542c
  TweetNacl: 3abf4d1d2082b0114e7a67410e300892448951e6

PODFILE CHECKSUM: cc1f88378b4bfcf93a6ce00d2c587857c6008d3b

COCOAPODS: 1.10.2
